github.com/juju/errors v0.0.0-20220622220526-54a94488269b h1:RDqhIF4b2LKv1CHVw5AKASru2kJ1gnTMJJGhpUNo0LQ=
github.com/juju/errors v0.0.0-20220622220526-54a94488269b/go.mod h1:B5x9thDqx0wIMH3+aLIMP9HjItInYWObRovoCFM5Qe8=
github.com/kr/pretty v0.2.1 h1:Fmg33tUaq4/8ym9TJN1x7sLJnHVwhP33CNkpYV/7rwI=
github.com/kr/text v0.2.0 h1:5Nx0Ya0ZqY2ygV366QzturHI13Jq95ApcVaJBhpS+AY=
gopkg.in/check.v1 v1.0.0-20201130134442-10cb98267c6c h1:Hei/4ADfdWqJk1ZMxUNpqntNwaWcugrBjAiHlqqRiVk=
